
Microsoft Visual Studio Solution File, Format Version 12.00
# Visual Studio Version 17
VisualStudioVersion = 17.11.35327.3
MinimumVisualStudioVersion = 10.0.40219.1
Project("{FAE04EC0-301F-11D3-BF4B-00C04F79EFBC}") = "LucaToysLite", "LucaToysLite\LucaToysLite.csproj", "{FA3282FF-BB5B-4241-9BC2-CA601EFE1C22}"
EndProject
Project("{FAE04EC0-301F-11D3-BF4B-00C04F79EFBC}") = "Updater", "Updater\Updater.csproj", "{DADF4707-EA37-4C22-BF9D-D1F9D9D8EF6D}"
EndProject
Project("{FAE04EC0-301F-11D3-BF4B-00C04F79EFBC}") = "Setup", "Setup\Setup.csproj", "{CC545B05-8032-44A5-A530-493A57740CEA}"
EndProject
Project("{FAE04EC0-301F-11D3-BF4B-00C04F79EFBC}") = "AppTools", "AppTools\AppTools.csproj", "{95CBA985-7B20-4C2B-B296-EA3350D01C12}"
EndProject
Project("{FAE04EC0-301F-11D3-BF4B-00C04F79EFBC}") = "Widgets", "Widgets\Widgets.csproj", "{5F1D215A-9D41-4887-87A5-4E2375586178}"
EndProject
Global
	GlobalSection(SolutionConfigurationPlatforms) = preSolution
		Debug|Any CPU = Debug|Any CPU
		Release|Any CPU = Release|Any CPU
	EndGlobalSection
	GlobalSection(ProjectConfigurationPlatforms) = postSolution
		{FA3282FF-BB5B-4241-9BC2-CA601EFE1C22}.Debug|Any CPU.ActiveCfg = Debug|Any CPU
		{FA3282FF-BB5B-4241-9BC2-CA601EFE1C22}.Debug|Any CPU.Build.0 = Debug|Any CPU
		{FA3282FF-BB5B-4241-9BC2-CA601EFE1C22}.Release|Any CPU.ActiveCfg = Release|Any CPU
		{FA3282FF-BB5B-4241-9BC2-CA601EFE1C22}.Release|Any CPU.Build.0 = Release|Any CPU
		{DADF4707-EA37-4C22-BF9D-D1F9D9D8EF6D}.Debug|Any CPU.ActiveCfg = Debug|Any CPU
		{DADF4707-EA37-4C22-BF9D-D1F9D9D8EF6D}.Debug|Any CPU.Build.0 = Debug|Any CPU
		{DADF4707-EA37-4C22-BF9D-D1F9D9D8EF6D}.Release|Any CPU.ActiveCfg = Release|Any CPU
		{DADF4707-EA37-4C22-BF9D-D1F9D9D8EF6D}.Release|Any CPU.Build.0 = Release|Any CPU
		{CC545B05-8032-44A5-A530-493A57740CEA}.Debug|Any CPU.ActiveCfg = Debug|Any CPU
		{CC545B05-8032-44A5-A530-493A57740CEA}.Debug|Any CPU.Build.0 = Debug|Any CPU
		{CC545B05-8032-44A5-A530-493A57740CEA}.Release|Any CPU.ActiveCfg = Release|Any CPU
		{CC545B05-8032-44A5-A530-493A57740CEA}.Release|Any CPU.Build.0 = Release|Any CPU
		{95CBA985-7B20-4C2B-B296-EA3350D01C12}.Debug|Any CPU.ActiveCfg = Debug|Any CPU
		{95CBA985-7B20-4C2B-B296-EA3350D01C12}.Debug|Any CPU.Build.0 = Debug|Any CPU
		{95CBA985-7B20-4C2B-B296-EA3350D01C12}.Release|Any CPU.ActiveCfg = Release|Any CPU
		{95CBA985-7B20-4C2B-B296-EA3350D01C12}.Release|Any CPU.Build.0 = Release|Any CPU
		{5F1D215A-9D41-4887-87A5-4E2375586178}.Debug|Any CPU.ActiveCfg = Debug|Any CPU
		{5F1D215A-9D41-4887-87A5-4E2375586178}.Debug|Any CPU.Build.0 = Debug|Any CPU
		{5F1D215A-9D41-4887-87A5-4E2375586178}.Release|Any CPU.ActiveCfg = Release|Any CPU
		{5F1D215A-9D41-4887-87A5-4E2375586178}.Release|Any CPU.Build.0 = Release|Any CPU
	EndGlobalSection
	GlobalSection(SolutionProperties) = preSolution
		HideSolutionNode = FALSE
	EndGlobalSection
	GlobalSection(ExtensibilityGlobals) = postSolution
		SolutionGuid = {870B7908-A036-4CC3-A253-71EB2B89D6BF}
	EndGlobalSection
EndGlobal
